
Microsoft Visual Studio Solution File, Format Version 12.00
# Visual Studio Version 17
VisualStudioVersion = 17.13.35931.197
MinimumVisualStudioVersion = 10.0.40219.1
Project("{FAE04EC0-301F-11D3-BF4B-00C04F79EFBC}") = "Esportify", "Esportify.csproj", "{79796212-F7A7-40CC-BA45-569E070179C5}"
EndProject
Global
	GlobalSection(SolutionConfigurationPlatforms) = preSolution
		Debug|Any CPU = Debug|Any CPU
		Release|Any CPU = Release|Any CPU
	EndGlobalSection
	GlobalSection(ProjectConfigurationPlatforms) = postSolution
		{79796212-F7A7-40CC-BA45-569E070179C5}.Debug|Any CPU.ActiveCfg = Debug|Any CPU
		{79796212-F7A7-40CC-BA45-569E070179C5}.Debug|Any CPU.Build.0 = Debug|Any CPU
		{79796212-F7A7-40CC-BA45-569E070179C5}.Release|Any CPU.ActiveCfg = Release|Any CPU
		{79796212-F7A7-40CC-BA45-569E070179C5}.Release|Any CPU.Build.0 = Release|Any CPU
	EndGlobalSection
	GlobalSection(SolutionProperties) = preSolution
		HideSolutionNode = FALSE
	EndGlobalSection
	GlobalSection(ExtensibilityGlobals) = postSolution
		SolutionGuid = {4A6F5692-3BA3-4789-A91C-6AC5CA00A2B7}
	EndGlobalSection
EndGlobal
